
Microsoft Visual Studio Solution File, Format Version 12.00
# Visual Studio Version 16
VisualStudioVersion = 25.0.1706.7
MinimumVisualStudioVersion = 10.0.40219.1
Project("{FAE04EC0-301F-11D3-BF4B-00C04F79EFBC}") = "WebApi.WindowsClient", "WebApi.WindowsClient\WebApi.WindowsClient.csproj", "{818A64A5-86BA-49AC-9BC0-EA4E937B0070}"
EndProject
Project("{FAE04EC0-301F-11D3-BF4B-00C04F79EFBC}") = "Api.Example", "Api.Example\Api.Example.csproj", "{1FBC250E-1F7E-49F6-A396-81803E7C62BA}"
EndProject
Project("{FAE04EC0-301F-11D3-BF4B-00C04F79EFBC}") = "Api.Entities", "Api.Entities\Api.Entities.csproj", "{AA4431D2-B0C1-4D1D-B111-C950F56ECD88}"
EndProject
Global
	GlobalSection(SolutionConfigurationPlatforms) = preSolution
		Debug|Any CPU = Debug|Any CPU
		Release|Any CPU = Release|Any CPU
	EndGlobalSection
	GlobalSection(ProjectConfigurationPlatforms) = postSolution
		{818A64A5-86BA-49AC-9BC0-EA4E937B0070}.Debug|Any CPU.ActiveCfg = Debug|Any CPU
		{818A64A5-86BA-49AC-9BC0-EA4E937B0070}.Debug|Any CPU.Build.0 = Debug|Any CPU
		{818A64A5-86BA-49AC-9BC0-EA4E937B0070}.Release|Any CPU.ActiveCfg = Release|Any CPU
		{818A64A5-86BA-49AC-9BC0-EA4E937B0070}.Release|Any CPU.Build.0 = Release|Any CPU
		{1FBC250E-1F7E-49F6-A396-81803E7C62BA}.Debug|Any CPU.ActiveCfg = Debug|Any CPU
		{1FBC250E-1F7E-49F6-A396-81803E7C62BA}.Debug|Any CPU.Build.0 = Debug|Any CPU
		{1FBC250E-1F7E-49F6-A396-81803E7C62BA}.Release|Any CPU.ActiveCfg = Release|Any CPU
		{1FBC250E-1F7E-49F6-A396-81803E7C62BA}.Release|Any CPU.Build.0 = Release|Any CPU
		{AA4431D2-B0C1-4D1D-B111-C950F56ECD88}.Debug|Any CPU.ActiveCfg = Debug|Any CPU
		{AA4431D2-B0C1-4D1D-B111-C950F56ECD88}.Debug|Any CPU.Build.0 = Debug|Any CPU
		{AA4431D2-B0C1-4D1D-B111-C950F56ECD88}.Release|Any CPU.ActiveCfg = Release|Any CPU
		{AA4431D2-B0C1-4D1D-B111-C950F56ECD88}.Release|Any CPU.Build.0 = Release|Any CPU
	EndGlobalSection
	GlobalSection(SolutionProperties) = preSolution
		HideSolutionNode = FALSE
	EndGlobalSection
	GlobalSection(ExtensibilityGlobals) = postSolution
		SolutionGuid = {4BD407C9-EFA6-4D16-8CB8-ACA124A452DF}
	EndGlobalSection
EndGlobal
