
Microsoft Visual Studio Solution File, Format Version 12.00
# Visual Studio Version 16
VisualStudioVersion = 25.0.1706.6
MinimumVisualStudioVersion = 10.0.40219.1
Project("{FAE04EC0-301F-11D3-BF4B-00C04F79EFBC}") = "Angel's-AudioManager", "Angel's-AudioManager\Angel's-AudioManager.csproj", "{27D989B5-02EA-4088-B5FD-8675986968F4}"
EndProject
Project("{FAE04EC0-301F-11D3-BF4B-00C04F79EFBC}") = "Angel's-AudioManager-Classes", "Angel's-AudioManager-Classes\Angel's-AudioManager-Classes.csproj", "{E5E4D9B4-3DEE-464D-9D1D-66F99398838D}"
EndProject
Global
	GlobalSection(SolutionConfigurationPlatforms) = preSolution
		Debug|Any CPU = Debug|Any CPU
		Release|Any CPU = Release|Any CPU
	EndGlobalSection
	GlobalSection(ProjectConfigurationPlatforms) = postSolution
		{27D989B5-02EA-4088-B5FD-8675986968F4}.Debug|Any CPU.ActiveCfg = Debug|Any CPU
		{27D989B5-02EA-4088-B5FD-8675986968F4}.Debug|Any CPU.Build.0 = Debug|Any CPU
		{27D989B5-02EA-4088-B5FD-8675986968F4}.Release|Any CPU.ActiveCfg = Release|Any CPU
		{27D989B5-02EA-4088-B5FD-8675986968F4}.Release|Any CPU.Build.0 = Release|Any CPU
		{E5E4D9B4-3DEE-464D-9D1D-66F99398838D}.Debug|Any CPU.ActiveCfg = Debug|Any CPU
		{E5E4D9B4-3DEE-464D-9D1D-66F99398838D}.Debug|Any CPU.Build.0 = Debug|Any CPU
		{E5E4D9B4-3DEE-464D-9D1D-66F99398838D}.Release|Any CPU.ActiveCfg = Release|Any CPU
		{E5E4D9B4-3DEE-464D-9D1D-66F99398838D}.Release|Any CPU.Build.0 = Release|Any CPU
	EndGlobalSection
	GlobalSection(SolutionProperties) = preSolution
		HideSolutionNode = FALSE
	EndGlobalSection
	GlobalSection(ExtensibilityGlobals) = postSolution
		SolutionGuid = {2DAFAA75-B329-48AF-967A-2A0661F9CF3A}
	EndGlobalSection
EndGlobal
